// !$*UTF8*$!
{
	archiveVersion = 1;
	classes = {
	};
	objectVersion = 50;
	objects = {

/* Begin PBXBuildFile section */
		BD4E511AF123E18E9B5CF72E /* Pods_Quizzler.framework in Frameworks */ = {isa = PBXBuildFile; fileRef = 91547124494A6F9994D3805E /* Pods_Quizzler.framework */; };
		D36B623024CB015F003E542B /* AppDelegate.swift in Sources */ = {isa = PBXBuildFile; fileRef = D36B622F24CB015F003E542B /* AppDelegate.swift */; };
		D36B623424CB015F003E542B /* ViewController.swift in Sources */ = {isa = PBXBuildFile; fileRef = D36B623324CB015F003E542B /* ViewController.swift */; };
		D36B623724CB015F003E542B /* Main.storyboard in Resources */ = {isa = PBXBuildFile; fileRef = D36B623524CB015F003E542B /* Main.storyboard */; };
		D36B623924CB0161003E542B /* Assets.xcassets in Resources */ = {isa = PBXBuildFile; fileRef = D36B623824CB0161003E542B /* Assets.xcassets */; };
		D36B624524CB01F3003E542B /* LaunchScreen.xib in Resources */ = {isa = PBXBuildFile; fileRef = D36B624324CB01F3003E542B /* LaunchScreen.xib */; };
		D36B624724CB02EE003E542B /* SceneDelegate.swift in Sources */ = {isa = PBXBuildFile; fileRef = D36B624624CB02EE003E542B /* SceneDelegate.swift */; };
		D36B624E24CB0433003E542B /* CustomButton.swift in Sources */ = {isa = PBXBuildFile; fileRef = D36B624D24CB0433003E542B /* CustomButton.swift */; };
		D3ECC79724CDA849002EE2C8 /* Question.swift in Sources */ = {isa = PBXBuildFile; fileRef = D3ECC79624CDA849002EE2C8 /* Question.swift */; };
		D3ECC79924CDAC4F002EE2C8 /* QuestionBank.swift in Sources */ = {isa = PBXBuildFile; fileRef = D3ECC79824CDAC4F002EE2C8 /* QuestionBank.swift */; };
/* End PBXBuildFile section */

/* Begin PBXFileReference section */
		4A6D4A3927A99ECA66D5582F /* Pods-Quizzler.debug.xcconfig */ = {isa = PBXFileReference; includeInIndex = 1; lastKnownFileType = text.xcconfig; name = "Pods-Quizzler.debug.xcconfig"; path = "Target Support Files/Pods-Quizzler/Pods-Quizzler.debug.xcconfig"; sourceTree = "<group>"; };
		91547124494A6F9994D3805E /* Pods_Quizzler.framework */ = {isa = PBXFileReference; explicitFileType = wrapper.framework; includeInIndex = 0; path = Pods_Quizzler.framework; sourceTree = BUILT_PRODUCTS_DIR; };
		D36B622C24CB015F003E542B /* Quizzler.app */ = {isa = PBXFileReference; explicitFileType = wrapper.application; includeInIndex = 0; path = Quizzler.app; sourceTree = BUILT_PRODUCTS_DIR; };
		D36B622F24CB015F003E542B /* AppDelegate.swift */ = {isa = PBXFileReference; lastKnownFileType = sourcecode.swift; path = AppDelegate.swift; sourceTree = "<group>"; };
		D36B623324CB015F003E542B /* ViewController.swift */ = {isa = PBXFileReference; lastKnownFileType = sourcecode.swift; path = ViewController.swift; sourceTree = "<group>"; };
		D36B623624CB015F003E542B /* Base */ = {isa = PBXFileReference; lastKnownFileType = file.storyboard; name = Base; path = Base.lproj/Main.storyboard; sourceTree = "<group>"; };
		D36B623824CB0161003E542B /* Assets.xcassets */ = {isa = PBXFileReference; lastKnownFileType = folder.assetcatalog; path = Assets.xcassets; sourceTree = "<group>"; };
		D36B623D24CB0161003E542B /* Info.plist */ = {isa = PBXFileReference; lastKnownFileType = text.plist.xml; path = Info.plist; sourceTree = "<group>"; };
		D36B624424CB01F3003E542B /* Base */ = {isa = PBXFileReference; lastKnownFileType = file.xib; name = Base; path = Base.lproj/LaunchScreen.xib; sourceTree = "<group>"; };
		D36B624624CB02EE003E542B /* SceneDelegate.swift */ = {isa = PBXFileReference; fileEncoding = 4; lastKnownFileType = sourcecode.swift; path = SceneDelegate.swift; sourceTree = "<group>"; };
		D36B624D24CB0433003E542B /* CustomButton.swift */ = {isa = PBXFileReference; fileEncoding = 4; lastKnownFileType = sourcecode.swift; path = CustomButton.swift; sourceTree = "<group>"; };
		D3ECC79624CDA849002EE2C8 /* Question.swift */ = {isa = PBXFileReference; lastKnownFileType = sourcecode.swift; path = Question.swift; sourceTree = "<group>"; };
		D3ECC79824CDAC4F002EE2C8 /* QuestionBank.swift */ = {isa = PBXFileReference; lastKnownFileType = sourcecode.swift; path = QuestionBank.swift; sourceTree = "<group>"; };
		F5CA98D8547308BE86BE948C /* Pods-Quizzler.release.xcconfig */ = {isa = PBXFileReference; includeInIndex = 1; lastKnownFileType = text.xcconfig; name = "Pods-Quizzler.release.xcconfig"; path = "Target Support Files/Pods-Quizzler/Pods-Quizzler.release.xcconfig"; sourceTree = "<group>"; };
/* End PBXFileReference section */

/* Begin PBXFrameworksBuildPhase section */
		D36B622924CB015F003E542B /* Frameworks */ = {
			isa = PBXFrameworksBuildPhase;
			buildActionMask = 2147483647;
			files = (
				BD4E511AF123E18E9B5CF72E /* Pods_Quizzler.framework in Frameworks */,
			);
			runOnlyForDeploymentPostprocessing = 0;
		};
/* End PBXFrameworksBuildPhase section */

/* Begin PBXGroup section */
		0D126BC2F21136B1A7496F2B /* Frameworks */ = {
			isa = PBXGroup;
			children = (
				91547124494A6F9994D3805E /* Pods_Quizzler.framework */,
			);
			name = Frameworks;
			sourceTree = "<group>";
		};
		AD7FB7141F5173F3EF28CE8A /* Pods */ = {
			isa = PBXGroup;
			children = (
				4A6D4A3927A99ECA66D5582F /* Pods-Quizzler.debug.xcconfig */,
				F5CA98D8547308BE86BE948C /* Pods-Quizzler.release.xcconfig */,
			);
			name = Pods;
			path = Pods;
			sourceTree = "<group>";
		};
		D36B622324CB015F003E542B = {
			isa = PBXGroup;
			children = (
				D36B622E24CB015F003E542B /* Quizzler */,
				D36B622D24CB015F003E542B /* Products */,
				AD7FB7141F5173F3EF28CE8A /* Pods */,
				0D126BC2F21136B1A7496F2B /* Frameworks */,
			);
			sourceTree = "<group>";
		};
		D36B622D24CB015F003E542B /* Products */ = {
			isa = PBXGroup;
			children = (
				D36B622C24CB015F003E542B /* Quizzler.app */,
			);
			name = Products;
			sourceTree = "<group>";
		};
		D36B622E24CB015F003E542B /* Quizzler */ = {
			isa = PBXGroup;
			children = (
				D36B624824CB030E003E542B /* Controller */,
				D36B624B24CB033F003E542B /* Model */,
				D36B624924CB0321003E542B /* View */,
				D36B624C24CB0382003E542B /* Supporting Files */,
				D36B623D24CB0161003E542B /* Info.plist */,
			);
			path = Quizzler;
			sourceTree = "<group>";
		};
		D36B624824CB030E003E542B /* Controller */ = {
			isa = PBXGroup;
			children = (
				D36B622F24CB015F003E542B /* AppDelegate.swift */,
				D36B623324CB015F003E542B /* ViewController.swift */,
				D36B624624CB02EE003E542B /* SceneDelegate.swift */,
				D36B624D24CB0433003E542B /* CustomButton.swift */,
			);
			path = Controller;
			sourceTree = "<group>";
		};
		D36B624924CB0321003E542B /* View */ = {
			isa = PBXGroup;
			children = (
				D36B623524CB015F003E542B /* Main.storyboard */,
				D36B623824CB0161003E542B /* Assets.xcassets */,
			);
			path = View;
			sourceTree = "<group>";
		};
		D36B624B24CB033F003E542B /* Model */ = {
			isa = PBXGroup;
			children = (
				D3ECC79824CDAC4F002EE2C8 /* QuestionBank.swift */,
				D3ECC79624CDA849002EE2C8 /* Question.swift */,
			);
			path = Model;
			sourceTree = "<group>";
		};
		D36B624C24CB0382003E542B /* Supporting Files */ = {
			isa = PBXGroup;
			children = (
				D36B624324CB01F3003E542B /* LaunchScreen.xib */,
			);
			path = "Supporting Files";
			sourceTree = "<group>";
		};
/* End PBXGroup section */

/* Begin PBXNativeTarget section */
		D36B622B24CB015F003E542B /* Quizzler */ = {
			isa = PBXNativeTarget;
			buildConfigurationList = D36B624024CB0161003E542B /* Build configuration list for PBXNativeTarget "Quizzler" */;
			buildPhases = (
				F03828DF86957BA35BF7C0A3 /* [CP] Check Pods Manifest.lock */,
				D36B622824CB015F003E542B /* Sources */,
				D36B622924CB015F003E542B /* Frameworks */,
				D36B622A24CB015F003E542B /* Resources */,
				FD2835976AD28587C8650A45 /* [CP] Embed Pods Frameworks */,
			);
			buildRules = (
			);
			dependencies = (
			);
			name = Quizzler;
			productName = Quizzler;
			productReference = D36B622C24CB015F003E542B /* Quizzler.app */;
			productType = "com.apple.product-type.application";
		};
/* End PBXNativeTarget section */

/* Begin PBXProject section */
		D36B622424CB015F003E542B /* Project object */ = {
			isa = PBXProject;
			attributes = {
				LastSwiftUpdateCheck = 1130;
				LastUpgradeCheck = 1130;
				ORGANIZATIONNAME = "LauDecked Devs";
				TargetAttributes = {
					D36B622B24CB015F003E542B = {
						CreatedOnToolsVersion = 11.3.1;
					};
				};
			};
			buildConfigurationList = D36B622724CB015F003E542B /* Build configuration list for PBXProject "Quizzler" */;
			compatibilityVersion = "Xcode 9.3";
			developmentRegion = en;
			hasScannedForEncodings = 0;
			knownRegions = (
				en,
				Base,
			);
			mainGroup = D36B622324CB015F003E542B;
			productRefGroup = D36B622D24CB015F003E542B /* Products */;
			projectDirPath = "";
			projectRoot = "";
			targets = (
				D36B622B24CB015F003E542B /* Quizzler */,
			);
		};
/* End PBXProject section */

/* Begin PBXResourcesBuildPhase section */
		D36B622A24CB015F003E542B /* Resources */ = {
			isa = PBXResourcesBuildPhase;
			buildActionMask = 2147483647;
			files = (
				D36B623924CB0161003E542B /* Assets.xcassets in Resources */,
				D36B624524CB01F3003E542B /* LaunchScreen.xib in Resources */,
				D36B623724CB015F003E542B /* Main.storyboard in Resources */,
			);
			runOnlyForDeploymentPostprocessing = 0;
		};
/* End PBXResourcesBuildPhase section */

/* Begin PBXShellScriptBuildPhase section */
		F03828DF86957BA35BF7C0A3 /* [CP] Check Pods Manifest.lock */ = {
			isa = PBXShellScriptBuildPhase;
			buildActionMask = 2147483647;
			files = (
			);
			inputFileListPaths = (
			);
			inputPaths = (
				"${PODS_PODFILE_DIR_PATH}/Podfile.lock",
				"${PODS_ROOT}/Manifest.lock",
			);
			name = "[CP] Check Pods Manifest.lock";
			outputFileListPaths = (
			);
			outputPaths = (
				"$(DERIVED_FILE_DIR)/Pods-Quizzler-checkManifestLockResult.txt",
			);
			runOnlyForDeploymentPostprocessing = 0;
			shellPath = /bin/sh;
			shellScript = "diff \"${PODS_PODFILE_DIR_PATH}/Podfile.lock\" \"${PODS_ROOT}/Manifest.lock\" > /dev/null\nif [ $? != 0 ] ; then\n    # print error to STDERR\n    echo \"error: The sandbox is not in sync with the Podfile.lock. Run 'pod install' or update your CocoaPods installation.\" >&2\n    exit 1\nfi\n# This output is used by Xcode 'outputs' to avoid re-running this script phase.\necho \"SUCCESS\" > \"${SCRIPT_OUTPUT_FILE_0}\"\n";
			showEnvVarsInLog = 0;
		};
		FD2835976AD28587C8650A45 /* [CP] Embed Pods Frameworks */ = {
			isa = PBXShellScriptBuildPhase;
			buildActionMask = 2147483647;
			files = (
			);
			inputFileListPaths = (
				"${PODS_ROOT}/Target Support Files/Pods-Quizzler/Pods-Quizzler-frameworks-${CONFIGURATION}-input-files.xcfilelist",
			);
			name = "[CP] Embed Pods Frameworks";
			outputFileListPaths = (
				"${PODS_ROOT}/Target Support Files/Pods-Quizzler/Pods-Quizzler-frameworks-${CONFIGURATION}-output-files.xcfilelist",
			);
			runOnlyForDeploymentPostprocessing = 0;
			shellPath = /bin/sh;
			shellScript = "\"${PODS_ROOT}/Target Support Files/Pods-Quizzler/Pods-Quizzler-frameworks.sh\"\n";
			showEnvVarsInLog = 0;
		};
/* End PBXShellScriptBuildPhase section */

/* Begin PBXSourcesBuildPhase section */
		D36B622824CB015F003E542B /* Sources */ = {
			isa = PBXSourcesBuildPhase;
			buildActionMask = 2147483647;
			files = (
				D3ECC79724CDA849002EE2C8 /* Question.swift in Sources */,
				D36B624E24CB0433003E542B /* CustomButton.swift in Sources */,
				D36B623424CB015F003E542B /* ViewController.swift in Sources */,
				D36B623024CB015F003E542B /* AppDelegate.swift in Sources */,
				D36B624724CB02EE003E542B /* SceneDelegate.swift in Sources */,
				D3ECC79924CDAC4F002EE2C8 /* QuestionBank.swift in Sources */,
			);
			runOnlyForDeploymentPostprocessing = 0;
		};
/* End PBXSourcesBuildPhase section */

/* Begin PBXVariantGroup section */
		D36B623524CB015F003E542B /* Main.storyboard */ = {
			isa = PBXVariantGroup;
			children = (
				D36B623624CB015F003E542B /* Base */,
			);
			name = Main.storyboard;
			sourceTree = "<group>";
		};
		D36B624324CB01F3003E542B /* LaunchScreen.xib */ = {
			isa = PBXVariantGroup;
			children = (
				D36B624424CB01F3003E542B /* Base */,
			);
			name = LaunchScreen.xib;
			sourceTree = "<group>";
		};
/* End PBXVariantGroup section */

/* Begin XCBuildConfiguration section */
		D36B623E24CB0161003E542B /* Debug */ = {
			isa = XCBuildConfiguration;
			buildSettings = {
				ALWAYS_SEARCH_USER_PATHS = NO;
				CLANG_ANALYZER_NONNULL = YES;
				CLANG_ANALYZER_NUMBER_OBJECT_CONVERSION = YES_AGGRESSIVE;
				CLANG_CXX_LANGUAGE_STANDARD = "gnu++14";
				CLANG_CXX_LIBRARY = "libc++";
				CLANG_ENABLE_MODULES = YES;
				CLANG_ENABLE_OBJC_ARC = YES;
				CLANG_ENABLE_OBJC_WEAK = YES;
				CLANG_WARN_BLOCK_CAPTURE_AUTORELEASING = YES;
				CLANG_WARN_BOOL_CONVERSION = YES;
				CLANG_WARN_COMMA = YES;
				CLANG_WARN_CONSTANT_CONVERSION = YES;
				CLANG_WARN_DEPRECATED_OBJC_IMPLEMENTATIONS = YES;
				CLANG_WARN_DIRECT_OBJC_ISA_USAGE = YES_ERROR;
				CLANG_WARN_DOCUMENTATION_COMMENTS = YES;
				CLANG_WARN_EMPTY_BODY = YES;
				CLANG_WARN_ENUM_CONVERSION = YES;
				CLANG_WARN_INFINITE_RECURSION = YES;
				CLANG_WARN_INT_CONVERSION = YES;
				CLANG_WARN_NON_LITERAL_NULL_CONVERSION = YES;
				CLANG_WARN_OBJC_IMPLICIT_RETAIN_SELF = YES;
				CLANG_WARN_OBJC_LITERAL_CONVERSION = YES;
				CLANG_WARN_OBJC_ROOT_CLASS = YES_ERROR;
				CLANG_WARN_RANGE_LOOP_ANALYSIS = YES;
				CLANG_WARN_STRICT_PROTOTYPES = YES;
				CLANG_WARN_SUSPICIOUS_MOVE = YES;
				CLANG_WARN_UNGUARDED_AVAILABILITY = YES_AGGRESSIVE;
				CLANG_WARN_UNREACHABLE_CODE = YES;
				CLANG_WARN__DUPLICATE_METHOD_MATCH = YES;
				COPY_PHASE_STRIP = NO;
				DEBUG_INFORMATION_FORMAT = dwarf;
				ENABLE_STRICT_OBJC_MSGSEND = YES;
				ENABLE_TESTABILITY = YES;
				GCC_C_LANGUAGE_STANDARD = gnu11;
				GCC_DYNAMIC_NO_PIC = NO;
				GCC_NO_COMMON_BLOCKS = YES;
				GCC_OPTIMIZATION_LEVEL = 0;
				GCC_PREPROCESSOR_DEFINITIONS = (
					"DEBUG=1",
					"$(inherited)",
				);
				GCC_WARN_64_TO_32_BIT_CONVERSION = YES;
				GCC_WARN_ABOUT_RETURN_TYPE = YES_ERROR;
				GCC_WARN_UNDECLARED_SELECTOR = YES;
				GCC_WARN_UNINITIALIZED_AUTOS = YES_AGGRESSIVE;
				GCC_WARN_UNUSED_FUNCTION = YES;
				GCC_WARN_UNUSED_VARIABLE = YES;
				IPHONEOS_DEPLOYMENT_TARGET = 13.2;
				MTL_ENABLE_DEBUG_INFO = INCLUDE_SOURCE;
				MTL_FAST_MATH = YES;
				ONLY_ACTIVE_ARCH = YES;
				SDKROOT = iphoneos;
				SWIFT_ACTIVE_COMPILATION_CONDITIONS = DEBUG;
				SWIFT_OPTIMIZATION_LEVEL = "-Onone";
			};
			name = Debug;
		};
		D36B623F24CB0161003E542B /* Release */ = {
			isa = XCBuildConfiguration;
			buildSettings = {
				ALWAYS_SEARCH_USER_PATHS = NO;
				CLANG_ANALYZER_NONNULL = YES;
				CLANG_ANALYZER_NUMBER_OBJECT_CONVERSION = YES_AGGRESSIVE;
				CLANG_CXX_LANGUAGE_STANDARD = "gnu++14";
				CLANG_CXX_LIBRARY = "libc++";
				CLANG_ENABLE_MODULES = YES;
				CLANG_ENABLE_OBJC_ARC = YES;
				CLANG_ENABLE_OBJC_WEAK = YES;
				CLANG_WARN_BLOCK_CAPTURE_AUTORELEASING = YES;
				CLANG_WARN_BOOL_CONVERSION = YES;
				CLANG_WARN_COMMA = YES;
				CLANG_WARN_CONSTANT_CONVERSION = YES;
				CLANG_WARN_DEPRECATED_OBJC_IMPLEMENTATIONS = YES;
				CLANG_WARN_DIRECT_OBJC_ISA_USAGE = YES_ERROR;
				CLANG_WARN_DOCUMENTATION_COMMENTS = YES;
				CLANG_WARN_EMPTY_BODY = YES;
				CLANG_WARN_ENUM_CONVERSION = YES;
				CLANG_WARN_INFINITE_RECURSION = YES;
				CLANG_WARN_INT_CONVERSION = YES;
				CLANG_WARN_NON_LITERAL_NULL_CONVERSION = YES;
				CLANG_WARN_OBJC_IMPLICIT_RETAIN_SELF = YES;
				CLANG_WARN_OBJC_LITERAL_CONVERSION = YES;
				CLANG_WARN_OBJC_ROOT_CLASS = YES_ERROR;
				CLANG_WARN_RANGE_LOOP_ANALYSIS = YES;
				CLANG_WARN_STRICT_PROTOTYPES = YES;
				CLANG_WARN_SUSPICIOUS_MOVE = YES;
				CLANG_WARN_UNGUARDED_AVAILABILITY = YES_AGGRESSIVE;
				CLANG_WARN_UNREACHABLE_CODE = YES;
				CLANG_WARN__DUPLICATE_METHOD_MATCH = YES;
				COPY_PHASE_STRIP = NO;
				DEBUG_INFORMATION_FORMAT = "dwarf-with-dsym";
				ENABLE_NS_ASSERTIONS = NO;
				ENABLE_STRICT_OBJC_MSGSEND = YES;
				GCC_C_LANGUAGE_STANDARD = gnu11;
				GCC_NO_COMMON_BLOCKS = YES;
				GCC_WARN_64_TO_32_BIT_CONVERSION = YES;
				GCC_WARN_ABOUT_RETURN_TYPE = YES_ERROR;
				GCC_WARN_UNDECLARED_SELECTOR = YES;
				GCC_WARN_UNINITIALIZED_AUTOS = YES_AGGRESSIVE;
				GCC_WARN_UNUSED_FUNCTION = YES;
				GCC_WARN_UNUSED_VARIABLE = YES;
				IPHONEOS_DEPLOYMENT_TARGET = 13.2;
				MTL_ENABLE_DEBUG_INFO = NO;
				MTL_FAST_MATH = YES;
				SDKROOT = iphoneos;
				SWIFT_COMPILATION_MODE = wholemodule;
				SWIFT_OPTIMIZATION_LEVEL = "-O";
				VALIDATE_PRODUCT = YES;
			};
			name = Release;
		};
		D36B624124CB0161003E542B /* Debug */ = {
			isa = XCBuildConfiguration;
			baseConfigurationReference = 4A6D4A3927A99ECA66D5582F /* Pods-Quizzler.debug.xcconfig */;
			buildSettings = {
				ASSETCATALOG_COMPILER_APPICON_NAME = AppIcon;
				CODE_SIGN_STYLE = Automatic;
				DEVELOPMENT_TEAM = 7J2VC8DULL;
				INFOPLIST_FILE = Quizzler/Info.plist;
				LD_RUNPATH_SEARCH_PATHS = (
					"$(inherited)",
					"@executable_path/Frameworks",
				);
				PRODUCT_BUNDLE_IDENTIFIER = com.laudeckedgroup.Quizzler;
				PRODUCT_NAME = "$(TARGET_NAME)";
				SWIFT_VERSION = 5.0;
				TARGETED_DEVICE_FAMILY = "1,2";
			};
			name = Debug;
		};
		D36B624224CB0161003E542B /* Release */ = {
			isa = XCBuildConfiguration;
			baseConfigurationReference = F5CA98D8547308BE86BE948C /* Pods-Quizzler.release.xcconfig */;
			buildSettings = {
				ASSETCATALOG_COMPILER_APPICON_NAME = AppIcon;
				CODE_SIGN_STYLE = Automatic;
				DEVELOPMENT_TEAM = 7J2VC8DULL;
				INFOPLIST_FILE = Quizzler/Info.plist;
				LD_RUNPATH_SEARCH_PATHS = (
					"$(inherited)",
					"@executable_path/Frameworks",
				);
				PRODUCT_BUNDLE_IDENTIFIER = com.laudeckedgroup.Quizzler;
				PRODUCT_NAME = "$(TARGET_NAME)";
				SWIFT_VERSION = 5.0;
				TARGETED_DEVICE_FAMILY = "1,2";
			};
			name = Release;
		};
/* End XCBuildConfiguration section */

/* Begin XCConfigurationList section */
		D36B622724CB015F003E542B /* Build configuration list for PBXProject "Quizzler" */ = {
			isa = XCConfigurationList;
			buildConfigurations = (
				D36B623E24CB0161003E542B /* Debug */,
				D36B623F24CB0161003E542B /* Release */,
			);
			defaultConfigurationIsVisible = 0;
			defaultConfigurationName = Release;
		};
		D36B624024CB0161003E542B /* Build configuration list for PBXNativeTarget "Quizzler" */ = {
			isa = XCConfigurationList;
			buildConfigurations = (
				D36B624124CB0161003E542B /* Debug */,
				D36B624224CB0161003E542B /* Release */,
			);
			defaultConfigurationIsVisible = 0;
			defaultConfigurationName = Release;
		};
/* End XCConfigurationList section */
	};
	rootObject = D36B622424CB015F003E542B /* Project object */;
}
